%{
  "dialyxir": {:hex, :dialyxir, "0.5.1", "b331b091720fd93e878137add264bac4f644e1ddae07a70bf7062c7862c4b952", [:mix], [], "hexpm"},
  "fuzzyurl": {:hex, :fuzzyurl, "0.9.1", "81ed7a5f6b42706b65e3948958e6f584d38e3749a5445d5a26d5f80ac1121033", [:mix], [], "hexpm"},
  "xhttp": {:git, "https://github.com/ericmj/xhttp.git", "413d6cea39fe125f2832470dacf53f1e5ff05d8e", []},
}
